
Microsoft Visual Studio Solution File, Format Version 12.00
# Visual Studio Version 16
VisualStudioVersion = 16.0.31019.35
MinimumVisualStudioVersion = 10.0.40219.1
Project("{9A19103F-16F7-4668-BE54-9A1E7A4F7556}") = "01.TwoSum", "01.TwoSum\01.TwoSum.csproj", "{46225BD0-EA86-4885-8B84-996AA8F0EFEB}"
EndProject
Global
	GlobalSection(SolutionConfigurationPlatforms) = preSolution
		Debug|Any CPU = Debug|Any CPU
		Release|Any CPU = Release|Any CPU
	EndGlobalSection
	GlobalSection(ProjectConfigurationPlatforms) = postSolution
		{46225BD0-EA86-4885-8B84-996AA8F0EFEB}.Debug|Any CPU.ActiveCfg = Debug|Any CPU
		{46225BD0-EA86-4885-8B84-996AA8F0EFEB}.Debug|Any CPU.Build.0 = Debug|Any CPU
		{46225BD0-EA86-4885-8B84-996AA8F0EFEB}.Release|Any CPU.ActiveCfg = Release|Any CPU
		{46225BD0-EA86-4885-8B84-996AA8F0EFEB}.Release|Any CPU.Build.0 = Release|Any CPU
	EndGlobalSection
	GlobalSection(SolutionProperties) = preSolution
		HideSolutionNode = FALSE
	EndGlobalSection
	GlobalSection(ExtensibilityGlobals) = postSolution
		SolutionGuid = {94EFD959-6011-4099-ADA4-C4EFB4F4263B}
	EndGlobalSection
EndGlobal
